
Microsoft Visual Studio Solution File, Format Version 12.00
# Visual Studio Version 17
VisualStudioVersion = 17.3.32929.385
MinimumVisualStudioVersion = 10.0.40219.1
Project("{FAE04EC0-301F-11D3-BF4B-00C04F79EFBC}") = "itools_source", "itools_source\itools_source.csproj", "{2887013A-D096-423F-B1AB-3B8ACF6FC699}"
EndProject
Project("{54435603-DBB4-11D2-8724-00A0C9A8B90C}") = "IToolsSetup", "IToolsSetup\IToolsSetup.vdproj", "{89984A5C-C0A5-4613-BD35-73B2C4F74797}"
EndProject
Global
	GlobalSection(SolutionConfigurationPlatforms) = preSolution
		Debug|Any CPU = Debug|Any CPU
		Release|Any CPU = Release|Any CPU
	EndGlobalSection
	GlobalSection(ProjectConfigurationPlatforms) = postSolution
		{2887013A-D096-423F-B1AB-3B8ACF6FC699}.Debug|Any CPU.ActiveCfg = Debug|Any CPU
		{2887013A-D096-423F-B1AB-3B8ACF6FC699}.Debug|Any CPU.Build.0 = Debug|Any CPU
		{2887013A-D096-423F-B1AB-3B8ACF6FC699}.Release|Any CPU.ActiveCfg = Release|Any CPU
		{2887013A-D096-423F-B1AB-3B8ACF6FC699}.Release|Any CPU.Build.0 = Release|Any CPU
		{89984A5C-C0A5-4613-BD35-73B2C4F74797}.Debug|Any CPU.ActiveCfg = Debug
		{89984A5C-C0A5-4613-BD35-73B2C4F74797}.Release|Any CPU.ActiveCfg = Release
	EndGlobalSection
	GlobalSection(SolutionProperties) = preSolution
		HideSolutionNode = FALSE
	EndGlobalSection
	GlobalSection(ExtensibilityGlobals) = postSolution
		SolutionGuid = {79513B60-4DB8-40E9-BBCF-E0DFE91BD882}
	EndGlobalSection
EndGlobal
